
Microsoft Visual Studio Solution File, Format Version 12.00
# Visual Studio Version 16
VisualStudioVersion = 25.0.1706.0
MinimumVisualStudioVersion = 10.0.40219.1
Project("{FAE04EC0-301F-11D3-BF4B-00C04F79EFBC}") = "TennisKata", "TennisKata\TennisKata.csproj", "{99EA79D2-F144-4620-8D44-F1295ABA455B}"
EndProject
Project("{FAE04EC0-301F-11D3-BF4B-00C04F79EFBC}") = "TennisKataTest", "TennisKataTest\TennisKataTest.csproj", "{FCB6930D-FA8F-449B-8306-E0F28C717C79}"
EndProject
Global
	GlobalSection(SolutionConfigurationPlatforms) = preSolution
		Debug|Any CPU = Debug|Any CPU
		Release|Any CPU = Release|Any CPU
	EndGlobalSection
	GlobalSection(ProjectConfigurationPlatforms) = postSolution
		{99EA79D2-F144-4620-8D44-F1295ABA455B}.Debug|Any CPU.ActiveCfg = Debug|Any CPU
		{99EA79D2-F144-4620-8D44-F1295ABA455B}.Debug|Any CPU.Build.0 = Debug|Any CPU
		{99EA79D2-F144-4620-8D44-F1295ABA455B}.Release|Any CPU.ActiveCfg = Release|Any CPU
		{99EA79D2-F144-4620-8D44-F1295ABA455B}.Release|Any CPU.Build.0 = Release|Any CPU
		{FCB6930D-FA8F-449B-8306-E0F28C717C79}.Debug|Any CPU.ActiveCfg = Debug|Any CPU
		{FCB6930D-FA8F-449B-8306-E0F28C717C79}.Debug|Any CPU.Build.0 = Debug|Any CPU
		{FCB6930D-FA8F-449B-8306-E0F28C717C79}.Release|Any CPU.ActiveCfg = Release|Any CPU
		{FCB6930D-FA8F-449B-8306-E0F28C717C79}.Release|Any CPU.Build.0 = Release|Any CPU
	EndGlobalSection
	GlobalSection(SolutionProperties) = preSolution
		HideSolutionNode = FALSE
	EndGlobalSection
	GlobalSection(ExtensibilityGlobals) = postSolution
		SolutionGuid = {5917D3B4-33E1-43E9-B783-3562C57E5763}
	EndGlobalSection
EndGlobal
